
Microsoft Visual Studio Solution File, Format Version 9.00
# Visual Studio 2005
Project("{FAE04EC0-301F-11D3-BF4B-00C04F79EFBC}") = "CSharpSnookerUI", "CSharpSnookerUI\CSharpSnookerUI.csproj", "{5BBC61D6-4E45-46E8-A3FD-7A284AD6E3E3}"
	ProjectSection(WebsiteProperties) = preProject
		Debug.AspNetCompiler.Debug = "True"
		Release.AspNetCompiler.Debug = "False"
	EndProjectSection
EndProject
Project("{FAE04EC0-301F-11D3-BF4B-00C04F79EFBC}") = "CSharpSnookerCore", "CSharpSnookerCore\CSharpSnookerCore.csproj", "{A5205566-6C10-4248-A8B9-3869B410F4F5}"
	ProjectSection(WebsiteProperties) = preProject
		Debug.AspNetCompiler.Debug = "True"
		Release.AspNetCompiler.Debug = "False"
	EndProjectSection
EndProject
Global
	GlobalSection(SolutionConfigurationPlatforms) = preSolution
		Debug|Any CPU = Debug|Any CPU
		Release|Any CPU = Release|Any CPU
	EndGlobalSection
	GlobalSection(ProjectConfigurationPlatforms) = postSolution
		{5BBC61D6-4E45-46E8-A3FD-7A284AD6E3E3}.Debug|Any CPU.ActiveCfg = Debug|Any CPU
		{5BBC61D6-4E45-46E8-A3FD-7A284AD6E3E3}.Debug|Any CPU.Build.0 = Debug|Any CPU
		{5BBC61D6-4E45-46E8-A3FD-7A284AD6E3E3}.Release|Any CPU.ActiveCfg = Release|Any CPU
		{5BBC61D6-4E45-46E8-A3FD-7A284AD6E3E3}.Release|Any CPU.Build.0 = Release|Any CPU
		{A5205566-6C10-4248-A8B9-3869B410F4F5}.Debug|Any CPU.ActiveCfg = Debug|Any CPU
		{A5205566-6C10-4248-A8B9-3869B410F4F5}.Debug|Any CPU.Build.0 = Debug|Any CPU
		{A5205566-6C10-4248-A8B9-3869B410F4F5}.Release|Any CPU.ActiveCfg = Release|Any CPU
		{A5205566-6C10-4248-A8B9-3869B410F4F5}.Release|Any CPU.Build.0 = Release|Any CPU
	EndGlobalSection
	GlobalSection(SolutionProperties) = preSolution
		HideSolutionNode = FALSE
	EndGlobalSection
EndGlobal
